
Microsoft Visual Studio Solution File, Format Version 12.00
# Visual Studio Version 17
VisualStudioVersion = 17.7.34031.279
MinimumVisualStudioVersion = 10.0.40219.1
Project("{8BC9CEB8-8B4A-11D0-8D11-00A0C91BC942}") = "6_String", "6_String.vcxproj", "{504B94CA-DEB6-40B2-9636-D093EED1AB1A}"
EndProject
Global
	GlobalSection(SolutionConfigurationPlatforms) = preSolution
		Debug|x64 = Debug|x64
		Debug|x86 = Debug|x86
		Release|x64 = Release|x64
		Release|x86 = Release|x86
	EndGlobalSection
	GlobalSection(ProjectConfigurationPlatforms) = postSolution
		{504B94CA-DEB6-40B2-9636-D093EED1AB1A}.Debug|x64.ActiveCfg = Debug|x64
		{504B94CA-DEB6-40B2-9636-D093EED1AB1A}.Debug|x64.Build.0 = Debug|x64
		{504B94CA-DEB6-40B2-9636-D093EED1AB1A}.Debug|x86.ActiveCfg = Debug|Win32
		{504B94CA-DEB6-40B2-9636-D093EED1AB1A}.Debug|x86.Build.0 = Debug|Win32
		{504B94CA-DEB6-40B2-9636-D093EED1AB1A}.Release|x64.ActiveCfg = Release|x64
		{504B94CA-DEB6-40B2-9636-D093EED1AB1A}.Release|x64.Build.0 = Release|x64
		{504B94CA-DEB6-40B2-9636-D093EED1AB1A}.Release|x86.ActiveCfg = Release|Win32
		{504B94CA-DEB6-40B2-9636-D093EED1AB1A}.Release|x86.Build.0 = Release|Win32
	EndGlobalSection
	GlobalSection(SolutionProperties) = preSolution
		HideSolutionNode = FALSE
	EndGlobalSection
	GlobalSection(ExtensibilityGlobals) = postSolution
		SolutionGuid = {D0234186-66E7-4152-83E5-2CD1817E59FD}
	EndGlobalSection
EndGlobal
